// !$*UTF8*$!
{
	archiveVersion = 1;
	classes = {
	};
	objectVersion = 50;
	objects = {

/* Begin PBXBuildFile section */
		4A42A4237D0AA3E6059BDA9C /* libPods-Demo.a in Frameworks */ = {isa = PBXBuildFile; fileRef = D6FEC5048036E88AB359542C /* libPods-Demo.a */; };
		BA3CC12422EF4EF00014530C /* MasonryViewController1.m in Sources */ = {isa = PBXBuildFile; fileRef = BA3CC12322EF4EF00014530C /* MasonryViewController1.m */; };
		BA3CC12722EF54FD0014530C /* UIAlertViewController1.m in Sources */ = {isa = PBXBuildFile; fileRef = BA3CC12622EF54FD0014530C /* UIAlertViewController1.m */; };
		BA3CC12A22EF553C0014530C /* JCAlertView.m in Sources */ = {isa = PBXBuildFile; fileRef = BA3CC12922EF553C0014530C /* JCAlertView.m */; };
		BACEBF2C22EF04DC0014725F /* AppDelegate.m in Sources */ = {isa = PBXBuildFile; fileRef = BACEBF2B22EF04DC0014725F /* AppDelegate.m */; };
		BACEBF2F22EF04DC0014725F /* ViewController.m in Sources */ = {isa = PBXBuildFile; fileRef = BACEBF2E22EF04DC0014725F /* ViewController.m */; };
		BACEBF3222EF04DC0014725F /* Main.storyboard in Resources */ = {isa = PBXBuildFile; fileRef = BACEBF3022EF04DC0014725F /* Main.storyboard */; };
		BACEBF3422EF04DF0014725F /* Assets.xcassets in Resources */ = {isa = PBXBuildFile; fileRef = BACEBF3322EF04DF0014725F /* Assets.xcassets */; };
		BACEBF3722EF04DF0014725F /* LaunchScreen.storyboard in Resources */ = {isa = PBXBuildFile; fileRef = BACEBF3522EF04DF0014725F /* LaunchScreen.storyboard */; };
		BACEBF3A22EF04DF0014725F /* main.m in Sources */ = {isa = PBXBuildFile; fileRef = BACEBF3922EF04DF0014725F /* main.m */; };
/* End PBXBuildFile section */

/* Begin PBXFileReference section */
		2796D07357C2BC5DD3CEED75 /* Pods-Demo.debug.xcconfig */ = {isa = PBXFileReference; includeInIndex = 1; lastKnownFileType = text.xcconfig; name = "Pods-Demo.debug.xcconfig"; path = "Target Support Files/Pods-Demo/Pods-Demo.debug.xcconfig"; sourceTree = "<group>"; };
		578776899F0952B0028C1B2C /* Pods-Demo.release.xcconfig */ = {isa = PBXFileReference; includeInIndex = 1; lastKnownFileType = text.xcconfig; name = "Pods-Demo.release.xcconfig"; path = "Target Support Files/Pods-Demo/Pods-Demo.release.xcconfig"; sourceTree = "<group>"; };
		BA3CC12222EF4EF00014530C /* MasonryViewController1.h */ = {isa = PBXFileReference; lastKnownFileType = sourcecode.c.h; path = MasonryViewController1.h; sourceTree = "<group>"; };
		BA3CC12322EF4EF00014530C /* MasonryViewController1.m */ = {isa = PBXFileReference; lastKnownFileType = sourcecode.c.objc; path = MasonryViewController1.m; sourceTree = "<group>"; };
		BA3CC12522EF54FD0014530C /* UIAlertViewController1.h */ = {isa = PBXFileReference; lastKnownFileType = sourcecode.c.h; path = UIAlertViewController1.h; sourceTree = "<group>"; };
		BA3CC12622EF54FD0014530C /* UIAlertViewController1.m */ = {isa = PBXFileReference; lastKnownFileType = sourcecode.c.objc; path = UIAlertViewController1.m; sourceTree = "<group>"; };
		BA3CC12822EF553C0014530C /* JCAlertView.h */ = {isa = PBXFileReference; lastKnownFileType = sourcecode.c.h; path = JCAlertView.h; sourceTree = "<group>"; };
		BA3CC12922EF553C0014530C /* JCAlertView.m */ = {isa = PBXFileReference; lastKnownFileType = sourcecode.c.objc; path = JCAlertView.m; sourceTree = "<group>"; };
		BACEBF2722EF04DC0014725F /* Demo.app */ = {isa = PBXFileReference; explicitFileType = wrapper.application; includeInIndex = 0; path = Demo.app; sourceTree = BUILT_PRODUCTS_DIR; };
		BACEBF2A22EF04DC0014725F /* AppDelegate.h */ = {isa = PBXFileReference; lastKnownFileType = sourcecode.c.h; path = AppDelegate.h; sourceTree = "<group>"; };
		BACEBF2B22EF04DC0014725F /* AppDelegate.m */ = {isa = PBXFileReference; lastKnownFileType = sourcecode.c.objc; path = AppDelegate.m; sourceTree = "<group>"; };
		BACEBF2D22EF04DC0014725F /* ViewController.h */ = {isa = PBXFileReference; lastKnownFileType = sourcecode.c.h; path = ViewController.h; sourceTree = "<group>"; };
		BACEBF2E22EF04DC0014725F /* ViewController.m */ = {isa = PBXFileReference; lastKnownFileType = sourcecode.c.objc; path = ViewController.m; sourceTree = "<group>"; };
		BACEBF3122EF04DC0014725F /* Base */ = {isa = PBXFileReference; lastKnownFileType = file.storyboard; name = Base; path = Base.lproj/Main.storyboard; sourceTree = "<group>"; };
		BACEBF3322EF04DF0014725F /* Assets.xcassets */ = {isa = PBXFileReference; lastKnownFileType = folder.assetcatalog; path = Assets.xcassets; sourceTree = "<group>"; };
		BACEBF3622EF04DF0014725F /* Base */ = {isa = PBXFileReference; lastKnownFileType = file.storyboard; name = Base; path = Base.lproj/LaunchScreen.storyboard; sourceTree = "<group>"; };
		BACEBF3822EF04DF0014725F /* Info.plist */ = {isa = PBXFileReference; lastKnownFileType = text.plist.xml; path = Info.plist; sourceTree = "<group>"; };
		BACEBF3922EF04DF0014725F /* main.m */ = {isa = PBXFileReference; lastKnownFileType = sourcecode.c.objc; path = main.m; sourceTree = "<group>"; };
		D6FEC5048036E88AB359542C /* libPods-Demo.a */ = {isa = PBXFileReference; explicitFileType = archive.ar; includeInIndex = 0; path = "libPods-Demo.a"; sourceTree = BUILT_PRODUCTS_DIR; };
/* End PBXFileReference section */

/* Begin PBXFrameworksBuildPhase section */
		BACEBF2422EF04DB0014725F /* Frameworks */ = {
			isa = PBXFrameworksBuildPhase;
			buildActionMask = 2147483647;
			files = (
				4A42A4237D0AA3E6059BDA9C /* libPods-Demo.a in Frameworks */,
			);
			runOnlyForDeploymentPostprocessing = 0;
		};
/* End PBXFrameworksBuildPhase section */

/* Begin PBXGroup section */
		02C535F7153AF787760CC3FB /* Frameworks */ = {
			isa = PBXGroup;
			children = (
				D6FEC5048036E88AB359542C /* libPods-Demo.a */,
			);
			name = Frameworks;
			sourceTree = "<group>";
		};
		434DE66DBD65DCBFA00B682B /* Pods */ = {
			isa = PBXGroup;
			children = (
				2796D07357C2BC5DD3CEED75 /* Pods-Demo.debug.xcconfig */,
				578776899F0952B0028C1B2C /* Pods-Demo.release.xcconfig */,
			);
			path = Pods;
			sourceTree = "<group>";
		};
		BA3CC12122EF4ECA0014530C /* Classes */ = {
			isa = PBXGroup;
			children = (
				BA3CC12222EF4EF00014530C /* MasonryViewController1.h */,
				BA3CC12322EF4EF00014530C /* MasonryViewController1.m */,
				BA3CC12522EF54FD0014530C /* UIAlertViewController1.h */,
				BA3CC12622EF54FD0014530C /* UIAlertViewController1.m */,
				BA3CC12822EF553C0014530C /* JCAlertView.h */,
				BA3CC12922EF553C0014530C /* JCAlertView.m */,
			);
			path = Classes;
			sourceTree = "<group>";
		};
		BACEBF1E22EF04DB0014725F = {
			isa = PBXGroup;
			children = (
				BACEBF2922EF04DC0014725F /* Demo */,
				BACEBF2822EF04DC0014725F /* Products */,
				434DE66DBD65DCBFA00B682B /* Pods */,
				02C535F7153AF787760CC3FB /* Frameworks */,
			);
			sourceTree = "<group>";
		};
		BACEBF2822EF04DC0014725F /* Products */ = {
			isa = PBXGroup;
			children = (
				BACEBF2722EF04DC0014725F /* Demo.app */,
			);
			name = Products;
			sourceTree = "<group>";
		};
		BACEBF2922EF04DC0014725F /* Demo */ = {
			isa = PBXGroup;
			children = (
				BA3CC12122EF4ECA0014530C /* Classes */,
				BACEBF2A22EF04DC0014725F /* AppDelegate.h */,
				BACEBF2B22EF04DC0014725F /* AppDelegate.m */,
				BACEBF2D22EF04DC0014725F /* ViewController.h */,
				BACEBF2E22EF04DC0014725F /* ViewController.m */,
				BACEBF3022EF04DC0014725F /* Main.storyboard */,
				BACEBF3322EF04DF0014725F /* Assets.xcassets */,
				BACEBF3522EF04DF0014725F /* LaunchScreen.storyboard */,
				BACEBF3822EF04DF0014725F /* Info.plist */,
				BACEBF3922EF04DF0014725F /* main.m */,
			);
			path = Demo;
			sourceTree = "<group>";
		};
/* End PBXGroup section */

/* Begin PBXNativeTarget section */
		BACEBF2622EF04DB0014725F /* Demo */ = {
			isa = PBXNativeTarget;
			buildConfigurationList = BACEBF3D22EF04DF0014725F /* Build configuration list for PBXNativeTarget "Demo" */;
			buildPhases = (
				2EAB7EA09B118F2EA7F688C1 /* [CP] Check Pods Manifest.lock */,
				BACEBF2322EF04DB0014725F /* Sources */,
				BACEBF2422EF04DB0014725F /* Frameworks */,
				BACEBF2522EF04DB0014725F /* Resources */,
			);
			buildRules = (
			);
			dependencies = (
			);
			name = Demo;
			productName = Demo;
			productReference = BACEBF2722EF04DC0014725F /* Demo.app */;
			productType = "com.apple.product-type.application";
		};
/* End PBXNativeTarget section */

/* Begin PBXProject section */
		BACEBF1F22EF04DB0014725F /* Project object */ = {
			isa = PBXProject;
			attributes = {
				LastUpgradeCheck = 1020;
				ORGANIZATIONNAME = Henry;
				TargetAttributes = {
					BACEBF2622EF04DB0014725F = {
						CreatedOnToolsVersion = 10.2.1;
					};
				};
			};
			buildConfigurationList = BACEBF2222EF04DB0014725F /* Build configuration list for PBXProject "Demo" */;
			compatibilityVersion = "Xcode 9.3";
			developmentRegion = en;
			hasScannedForEncodings = 0;
			knownRegions = (
				en,
				Base,
			);
			mainGroup = BACEBF1E22EF04DB0014725F;
			productRefGroup = BACEBF2822EF04DC0014725F /* Products */;
			projectDirPath = "";
			projectRoot = "";
			targets = (
				BACEBF2622EF04DB0014725F /* Demo */,
			);
		};
/* End PBXProject section */

/* Begin PBXResourcesBuildPhase section */
		BACEBF2522EF04DB0014725F /* Resources */ = {
			isa = PBXResourcesBuildPhase;
			buildActionMask = 2147483647;
			files = (
				BACEBF3722EF04DF0014725F /* LaunchScreen.storyboard in Resources */,
				BACEBF3422EF04DF0014725F /* Assets.xcassets in Resources */,
				BACEBF3222EF04DC0014725F /* Main.storyboard in Resources */,
			);
			runOnlyForDeploymentPostprocessing = 0;
		};
/* End PBXResourcesBuildPhase section */

/* Begin PBXShellScriptBuildPhase section */
		2EAB7EA09B118F2EA7F688C1 /* [CP] Check Pods Manifest.lock */ = {
			isa = PBXShellScriptBuildPhase;
			buildActionMask = 2147483647;
			files = (
			);
			inputFileListPaths = (
			);
			inputPaths = (
				"${PODS_PODFILE_DIR_PATH}/Podfile.lock",
				"${PODS_ROOT}/Manifest.lock",
			);
			name = "[CP] Check Pods Manifest.lock";
			outputFileListPaths = (
			);
			outputPaths = (
				"$(DERIVED_FILE_DIR)/Pods-Demo-checkManifestLockResult.txt",
			);
			runOnlyForDeploymentPostprocessing = 0;
			shellPath = /bin/sh;
			shellScript = "diff \"${PODS_PODFILE_DIR_PATH}/Podfile.lock\" \"${PODS_ROOT}/Manifest.lock\" > /dev/null\nif [ $? != 0 ] ; then\n    # print error to STDERR\n    echo \"error: The sandbox is not in sync with the Podfile.lock. Run 'pod install' or update your CocoaPods installation.\" >&2\n    exit 1\nfi\n# This output is used by Xcode 'outputs' to avoid re-running this script phase.\necho \"SUCCESS\" > \"${SCRIPT_OUTPUT_FILE_0}\"\n";
			showEnvVarsInLog = 0;
		};
/* End PBXShellScriptBuildPhase section */

/* Begin PBXSourcesBuildPhase section */
		BACEBF2322EF04DB0014725F /* Sources */ = {
			isa = PBXSourcesBuildPhase;
			buildActionMask = 2147483647;
			files = (
				BA3CC12722EF54FD0014530C /* UIAlertViewController1.m in Sources */,
				BA3CC12422EF4EF00014530C /* MasonryViewController1.m in Sources */,
				BACEBF2F22EF04DC0014725F /* ViewController.m in Sources */,
				BACEBF3A22EF04DF0014725F /* main.m in Sources */,
				BA3CC12A22EF553C0014530C /* JCAlertView.m in Sources */,
				BACEBF2C22EF04DC0014725F /* AppDelegate.m in Sources */,
			);
			runOnlyForDeploymentPostprocessing = 0;
		};
/* End PBXSourcesBuildPhase section */

/* Begin PBXVariantGroup section */
		BACEBF3022EF04DC0014725F /* Main.storyboard */ = {
			isa = PBXVariantGroup;
			children = (
				BACEBF3122EF04DC0014725F /* Base */,
			);
			name = Main.storyboard;
			sourceTree = "<group>";
		};
		BACEBF3522EF04DF0014725F /* LaunchScreen.storyboard */ = {
			isa = PBXVariantGroup;
			children = (
				BACEBF3622EF04DF0014725F /* Base */,
			);
			name = LaunchScreen.storyboard;
			sourceTree = "<group>";
		};
/* End PBXVariantGroup section */

/* Begin XCBuildConfiguration section */
		BACEBF3B22EF04DF0014725F /* Debug */ = {
			isa = XCBuildConfiguration;
			buildSettings = {
				ALWAYS_SEARCH_USER_PATHS = NO;
				CLANG_ANALYZER_NONNULL = YES;
				CLANG_ANALYZER_NUMBER_OBJECT_CONVERSION = YES_AGGRESSIVE;
				CLANG_CXX_LANGUAGE_STANDARD = "gnu++14";
				CLANG_CXX_LIBRARY = "libc++";
				CLANG_ENABLE_MODULES = YES;
				CLANG_ENABLE_OBJC_ARC = YES;
				CLANG_ENABLE_OBJC_WEAK = YES;
				CLANG_WARN_BLOCK_CAPTURE_AUTORELEASING = YES;
				CLANG_WARN_BOOL_CONVERSION = YES;
				CLANG_WARN_COMMA = YES;
				CLANG_WARN_CONSTANT_CONVERSION = YES;
				CLANG_WARN_DEPRECATED_OBJC_IMPLEMENTATIONS = YES;
				CLANG_WARN_DIRECT_OBJC_ISA_USAGE = YES_ERROR;
				CLANG_WARN_DOCUMENTATION_COMMENTS = YES;
				CLANG_WARN_EMPTY_BODY = YES;
				CLANG_WARN_ENUM_CONVERSION = YES;
				CLANG_WARN_INFINITE_RECURSION = YES;
				CLANG_WARN_INT_CONVERSION = YES;
				CLANG_WARN_NON_LITERAL_NULL_CONVERSION = YES;
				CLANG_WARN_OBJC_IMPLICIT_RETAIN_SELF = YES;
				CLANG_WARN_OBJC_LITERAL_CONVERSION = YES;
				CLANG_WARN_OBJC_ROOT_CLASS = YES_ERROR;
				CLANG_WARN_RANGE_LOOP_ANALYSIS = YES;
				CLANG_WARN_STRICT_PROTOTYPES = YES;
				CLANG_WARN_SUSPICIOUS_MOVE = YES;
				CLANG_WARN_UNGUARDED_AVAILABILITY = YES_AGGRESSIVE;
				CLANG_WARN_UNREACHABLE_CODE = YES;
				CLANG_WARN__DUPLICATE_METHOD_MATCH = YES;
				CODE_SIGN_IDENTITY = "iPhone Developer";
				COPY_PHASE_STRIP = NO;
				DEBUG_INFORMATION_FORMAT = dwarf;
				ENABLE_STRICT_OBJC_MSGSEND = YES;
				ENABLE_TESTABILITY = YES;
				GCC_C_LANGUAGE_STANDARD = gnu11;
				GCC_DYNAMIC_NO_PIC = NO;
				GCC_NO_COMMON_BLOCKS = YES;
				GCC_OPTIMIZATION_LEVEL = 0;
				GCC_PREPROCESSOR_DEFINITIONS = (
					"DEBUG=1",
					"$(inherited)",
				);
				GCC_WARN_64_TO_32_BIT_CONVERSION = YES;
				GCC_WARN_ABOUT_RETURN_TYPE = YES_ERROR;
				GCC_WARN_UNDECLARED_SELECTOR = YES;
				GCC_WARN_UNINITIALIZED_AUTOS = YES_AGGRESSIVE;
				GCC_WARN_UNUSED_FUNCTION = YES;
				GCC_WARN_UNUSED_VARIABLE = YES;
				IPHONEOS_DEPLOYMENT_TARGET = 11.1;
				MTL_ENABLE_DEBUG_INFO = INCLUDE_SOURCE;
				MTL_FAST_MATH = YES;
				ONLY_ACTIVE_ARCH = YES;
				SDKROOT = iphoneos;
			};
			name = Debug;
		};
		BACEBF3C22EF04DF0014725F /* Release */ = {
			isa = XCBuildConfiguration;
			buildSettings = {
				ALWAYS_SEARCH_USER_PATHS = NO;
				CLANG_ANALYZER_NONNULL = YES;
				CLANG_ANALYZER_NUMBER_OBJECT_CONVERSION = YES_AGGRESSIVE;
				CLANG_CXX_LANGUAGE_STANDARD = "gnu++14";
				CLANG_CXX_LIBRARY = "libc++";
				CLANG_ENABLE_MODULES = YES;
				CLANG_ENABLE_OBJC_ARC = YES;
				CLANG_ENABLE_OBJC_WEAK = YES;
				CLANG_WARN_BLOCK_CAPTURE_AUTORELEASING = YES;
				CLANG_WARN_BOOL_CONVERSION = YES;
				CLANG_WARN_COMMA = YES;
				CLANG_WARN_CONSTANT_CONVERSION = YES;
				CLANG_WARN_DEPRECATED_OBJC_IMPLEMENTATIONS = YES;
				CLANG_WARN_DIRECT_OBJC_ISA_USAGE = YES_ERROR;
				CLANG_WARN_DOCUMENTATION_COMMENTS = YES;
				CLANG_WARN_EMPTY_BODY = YES;
				CLANG_WARN_ENUM_CONVERSION = YES;
				CLANG_WARN_INFINITE_RECURSION = YES;
				CLANG_WARN_INT_CONVERSION = YES;
				CLANG_WARN_NON_LITERAL_NULL_CONVERSION = YES;
				CLANG_WARN_OBJC_IMPLICIT_RETAIN_SELF = YES;
				CLANG_WARN_OBJC_LITERAL_CONVERSION = YES;
				CLANG_WARN_OBJC_ROOT_CLASS = YES_ERROR;
				CLANG_WARN_RANGE_LOOP_ANALYSIS = YES;
				CLANG_WARN_STRICT_PROTOTYPES = YES;
				CLANG_WARN_SUSPICIOUS_MOVE = YES;
				CLANG_WARN_UNGUARDED_AVAILABILITY = YES_AGGRESSIVE;
				CLANG_WARN_UNREACHABLE_CODE = YES;
				CLANG_WARN__DUPLICATE_METHOD_MATCH = YES;
				CODE_SIGN_IDENTITY = "iPhone Developer";
				COPY_PHASE_STRIP = NO;
				DEBUG_INFORMATION_FORMAT = "dwarf-with-dsym";
				ENABLE_NS_ASSERTIONS = NO;
				ENABLE_STRICT_OBJC_MSGSEND = YES;
				GCC_C_LANGUAGE_STANDARD = gnu11;
				GCC_NO_COMMON_BLOCKS = YES;
				GCC_WARN_64_TO_32_BIT_CONVERSION = YES;
				GCC_WARN_ABOUT_RETURN_TYPE = YES_ERROR;
				GCC_WARN_UNDECLARED_SELECTOR = YES;
				GCC_WARN_UNINITIALIZED_AUTOS = YES_AGGRESSIVE;
				GCC_WARN_UNUSED_FUNCTION = YES;
				GCC_WARN_UNUSED_VARIABLE = YES;
				IPHONEOS_DEPLOYMENT_TARGET = 11.1;
				MTL_ENABLE_DEBUG_INFO = NO;
				MTL_FAST_MATH = YES;
				SDKROOT = iphoneos;
				VALIDATE_PRODUCT = YES;
			};
			name = Release;
		};
		BACEBF3E22EF04DF0014725F /* Debug */ = {
			isa = XCBuildConfiguration;
			baseConfigurationReference = 2796D07357C2BC5DD3CEED75 /* Pods-Demo.debug.xcconfig */;
			buildSettings = {
				ASSETCATALOG_COMPILER_APPICON_NAME = AppIcon;
				CODE_SIGN_STYLE = Automatic;
				DEVELOPMENT_TEAM = RDJ3MR8DNN;
				INFOPLIST_FILE = Demo/Info.plist;
				LD_RUNPATH_SEARCH_PATHS = (
					"$(inherited)",
					"@executable_path/Frameworks",
				);
				PRODUCT_BUNDLE_IDENTIFIER = com.zeninfor.Demo;
				PRODUCT_NAME = "$(TARGET_NAME)";
				TARGETED_DEVICE_FAMILY = "1,2";
			};
			name = Debug;
		};
		BACEBF3F22EF04DF0014725F /* Release */ = {
			isa = XCBuildConfiguration;
			baseConfigurationReference = 578776899F0952B0028C1B2C /* Pods-Demo.release.xcconfig */;
			buildSettings = {
				ASSETCATALOG_COMPILER_APPICON_NAME = AppIcon;
				CODE_SIGN_STYLE = Automatic;
				DEVELOPMENT_TEAM = RDJ3MR8DNN;
				INFOPLIST_FILE = Demo/Info.plist;
				LD_RUNPATH_SEARCH_PATHS = (
					"$(inherited)",
					"@executable_path/Frameworks",
				);
				PRODUCT_BUNDLE_IDENTIFIER = com.zeninfor.Demo;
				PRODUCT_NAME = "$(TARGET_NAME)";
				TARGETED_DEVICE_FAMILY = "1,2";
			};
			name = Release;
		};
/* End XCBuildConfiguration section */

/* Begin XCConfigurationList section */
		BACEBF2222EF04DB0014725F /* Build configuration list for PBXProject "Demo" */ = {
			isa = XCConfigurationList;
			buildConfigurations = (
				BACEBF3B22EF04DF0014725F /* Debug */,
				BACEBF3C22EF04DF0014725F /* Release */,
			);
			defaultConfigurationIsVisible = 0;
			defaultConfigurationName = Release;
		};
		BACEBF3D22EF04DF0014725F /* Build configuration list for PBXNativeTarget "Demo" */ = {
			isa = XCConfigurationList;
			buildConfigurations = (
				BACEBF3E22EF04DF0014725F /* Debug */,
				BACEBF3F22EF04DF0014725F /* Release */,
			);
			defaultConfigurationIsVisible = 0;
			defaultConfigurationName = Release;
		};
/* End XCConfigurationList section */
	};
	rootObject = BACEBF1F22EF04DB0014725F /* Project object */;
}
